
Microsoft Visual Studio Solution File, Format Version 12.00
# Visual Studio Version 17
VisualStudioVersion = 17.11.35312.102
MinimumVisualStudioVersion = 10.0.40219.1
Project("{FAE04EC0-301F-11D3-BF4B-00C04F79EFBC}") = "SNET.Framework.Api", "src\SNET.Framework.Api\SNET.Framework.Api.csproj", "{587B28A9-014E-46EE-996F-445C60486392}"
EndProject
Project("{2150E333-8FDC-42A3-9474-1A3956D46DE8}") = "Domain", "Domain", "{75D74DBC-7386-47C9-B452-6B4A54E1AF8E}"
EndProject
Project("{2150E333-8FDC-42A3-9474-1A3956D46DE8}") = "Application", "Application", "{CE421437-A991-45D8-BC66-4E091B5D54F4}"
EndProject
Project("{2150E333-8FDC-42A3-9474-1A3956D46DE8}") = "Infrastructure", "Infrastructure", "{5B97AA6E-5CAC-4DD4-A5AE-D3EB3937900C}"
EndProject
Project("{FAE04EC0-301F-11D3-BF4B-00C04F79EFBC}") = "SNET.Framework.Domain", "src\SNET.Framework.Domain\SNET.Framework.Domain.csproj", "{C8920801-699B-49C9-B757-3892CC84A9E5}"
EndProject
Project("{FAE04EC0-301F-11D3-BF4B-00C04F79EFBC}") = "SNET.Framework.Features", "SNET.Framework.Features\SNET.Framework.Features.csproj", "{CE10D193-B7C5-4645-B7DA-A6982708D109}"
EndProject
Project("{FAE04EC0-301F-11D3-BF4B-00C04F79EFBC}") = "SNET.Framework.Persistence", "SNET.Framework.Persistence\SNET.Framework.Persistence.csproj", "{01E42056-0026-44C3-855E-1309F64D2420}"
EndProject
Project("{FAE04EC0-301F-11D3-BF4B-00C04F79EFBC}") = "SNET.Framework.Infrastructure", "SNET.Framework.Infrastructure\SNET.Framework.Infrastructure.csproj", "{EA1BB28D-018B-4B7E-A454-0DA93A7B21A5}"
EndProject
Global
	GlobalSection(SolutionConfigurationPlatforms) = preSolution
		Debug|Any CPU = Debug|Any CPU
		Release|Any CPU = Release|Any CPU
	EndGlobalSection
	GlobalSection(ProjectConfigurationPlatforms) = postSolution
		{587B28A9-014E-46EE-996F-445C60486392}.Debug|Any CPU.ActiveCfg = Debug|Any CPU
		{587B28A9-014E-46EE-996F-445C60486392}.Debug|Any CPU.Build.0 = Debug|Any CPU
		{587B28A9-014E-46EE-996F-445C60486392}.Release|Any CPU.ActiveCfg = Release|Any CPU
		{587B28A9-014E-46EE-996F-445C60486392}.Release|Any CPU.Build.0 = Release|Any CPU
		{C8920801-699B-49C9-B757-3892CC84A9E5}.Debug|Any CPU.ActiveCfg = Debug|Any CPU
		{C8920801-699B-49C9-B757-3892CC84A9E5}.Debug|Any CPU.Build.0 = Debug|Any CPU
		{C8920801-699B-49C9-B757-3892CC84A9E5}.Release|Any CPU.ActiveCfg = Release|Any CPU
		{C8920801-699B-49C9-B757-3892CC84A9E5}.Release|Any CPU.Build.0 = Release|Any CPU
		{CE10D193-B7C5-4645-B7DA-A6982708D109}.Debug|Any CPU.ActiveCfg = Debug|Any CPU
		{CE10D193-B7C5-4645-B7DA-A6982708D109}.Debug|Any CPU.Build.0 = Debug|Any CPU
		{CE10D193-B7C5-4645-B7DA-A6982708D109}.Release|Any CPU.ActiveCfg = Release|Any CPU
		{CE10D193-B7C5-4645-B7DA-A6982708D109}.Release|Any CPU.Build.0 = Release|Any CPU
		{01E42056-0026-44C3-855E-1309F64D2420}.Debug|Any CPU.ActiveCfg = Debug|Any CPU
		{01E42056-0026-44C3-855E-1309F64D2420}.Debug|Any CPU.Build.0 = Debug|Any CPU
		{01E42056-0026-44C3-855E-1309F64D2420}.Release|Any CPU.ActiveCfg = Release|Any CPU
		{01E42056-0026-44C3-855E-1309F64D2420}.Release|Any CPU.Build.0 = Release|Any CPU
		{EA1BB28D-018B-4B7E-A454-0DA93A7B21A5}.Debug|Any CPU.ActiveCfg = Debug|Any CPU
		{EA1BB28D-018B-4B7E-A454-0DA93A7B21A5}.Debug|Any CPU.Build.0 = Debug|Any CPU
		{EA1BB28D-018B-4B7E-A454-0DA93A7B21A5}.Release|Any CPU.ActiveCfg = Release|Any CPU
		{EA1BB28D-018B-4B7E-A454-0DA93A7B21A5}.Release|Any CPU.Build.0 = Release|Any CPU
	EndGlobalSection
	GlobalSection(SolutionProperties) = preSolution
		HideSolutionNode = FALSE
	EndGlobalSection
	GlobalSection(NestedProjects) = preSolution
		{C8920801-699B-49C9-B757-3892CC84A9E5} = {75D74DBC-7386-47C9-B452-6B4A54E1AF8E}
		{CE10D193-B7C5-4645-B7DA-A6982708D109} = {CE421437-A991-45D8-BC66-4E091B5D54F4}
		{01E42056-0026-44C3-855E-1309F64D2420} = {5B97AA6E-5CAC-4DD4-A5AE-D3EB3937900C}
		{EA1BB28D-018B-4B7E-A454-0DA93A7B21A5} = {5B97AA6E-5CAC-4DD4-A5AE-D3EB3937900C}
	EndGlobalSection
	GlobalSection(ExtensibilityGlobals) = postSolution
		SolutionGuid = {19640B43-1C87-4465-A7C0-99ED39F42BF2}
	EndGlobalSection
EndGlobal
